
Microsoft Visual Studio Solution File, Format Version 12.00
# Visual Studio Version 17
VisualStudioVersion = 17.1.31911.260
MinimumVisualStudioVersion = 10.0.40219.1
Project("{9A19103F-16F7-4668-BE54-9A1E7A4F7556}") = "DAWON_UV_INVENTORY_PROTO", "DAWON_UV_INVENTORY_PROTO\DAWON_UV_INVENTORY_PROTO.csproj", "{0BAEFB2D-C4B7-417B-9961-1D2309CE353A}"
EndProject
Project("{9A19103F-16F7-4668-BE54-9A1E7A4F7556}") = "ConnectorDEPKG", "ConnectorDEPKG\ConnectorDEPKG.csproj", "{954217FD-5228-4059-9D36-125304D36FF5}"
EndProject
Project("{9A19103F-16F7-4668-BE54-9A1E7A4F7556}") = "ConnectorDEMS", "ConnectorDEMS\ConnectorDEMS.csproj", "{19437447-9D9A-480C-9A5C-863E23566659}"
EndProject
Project("{9A19103F-16F7-4668-BE54-9A1E7A4F7556}") = "ConnectorYPE", "ConnectorYPE\ConnectorYPE.csproj", "{B7B63B10-E359-4036-B866-A948DA4F8E9B}"
EndProject
Project("{2150E333-8FDC-42A3-9474-1A3956D46DE8}") = "Solution Items", "Solution Items", "{EE7DD47A-B7D5-4CA5-89DF-14324D1BB14B}"
	ProjectSection(SolutionItems) = preProject
		.editorconfig = .editorconfig
	EndProjectSection
EndProject
Project("{9A19103F-16F7-4668-BE54-9A1E7A4F7556}") = "ConnectorBHE", "ConnectorBHE\ConnectorBHE.csproj", "{9F4832A8-FFB4-4EDC-99D2-1CDB7BEA36FA}"
EndProject
Global
	GlobalSection(SolutionConfigurationPlatforms) = preSolution
		Debug|Any CPU = Debug|Any CPU
		Debug|x64 = Debug|x64
		Debug|x86 = Debug|x86
		Release|Any CPU = Release|Any CPU
		Release|x64 = Release|x64
		Release|x86 = Release|x86
	EndGlobalSection
	GlobalSection(ProjectConfigurationPlatforms) = postSolution
		{0BAEFB2D-C4B7-417B-9961-1D2309CE353A}.Debug|Any CPU.ActiveCfg = Debug|Any CPU
		{0BAEFB2D-C4B7-417B-9961-1D2309CE353A}.Debug|Any CPU.Build.0 = Debug|Any CPU
		{0BAEFB2D-C4B7-417B-9961-1D2309CE353A}.Debug|x64.ActiveCfg = Debug|x64
		{0BAEFB2D-C4B7-417B-9961-1D2309CE353A}.Debug|x64.Build.0 = Debug|x64
		{0BAEFB2D-C4B7-417B-9961-1D2309CE353A}.Debug|x86.ActiveCfg = Debug|Any CPU
		{0BAEFB2D-C4B7-417B-9961-1D2309CE353A}.Debug|x86.Build.0 = Debug|Any CPU
		{0BAEFB2D-C4B7-417B-9961-1D2309CE353A}.Release|Any CPU.ActiveCfg = Release|Any CPU
		{0BAEFB2D-C4B7-417B-9961-1D2309CE353A}.Release|Any CPU.Build.0 = Release|Any CPU
		{0BAEFB2D-C4B7-417B-9961-1D2309CE353A}.Release|x64.ActiveCfg = Release|x64
		{0BAEFB2D-C4B7-417B-9961-1D2309CE353A}.Release|x64.Build.0 = Release|x64
		{0BAEFB2D-C4B7-417B-9961-1D2309CE353A}.Release|x86.ActiveCfg = Release|x86
		{0BAEFB2D-C4B7-417B-9961-1D2309CE353A}.Release|x86.Build.0 = Release|x86
		{954217FD-5228-4059-9D36-125304D36FF5}.Debug|Any CPU.ActiveCfg = Debug|Any CPU
		{954217FD-5228-4059-9D36-125304D36FF5}.Debug|Any CPU.Build.0 = Debug|Any CPU
		{954217FD-5228-4059-9D36-125304D36FF5}.Debug|x64.ActiveCfg = Debug|Any CPU
		{954217FD-5228-4059-9D36-125304D36FF5}.Debug|x64.Build.0 = Debug|Any CPU
		{954217FD-5228-4059-9D36-125304D36FF5}.Debug|x86.ActiveCfg = Debug|Any CPU
		{954217FD-5228-4059-9D36-125304D36FF5}.Debug|x86.Build.0 = Debug|Any CPU
		{954217FD-5228-4059-9D36-125304D36FF5}.Release|Any CPU.ActiveCfg = Release|Any CPU
		{954217FD-5228-4059-9D36-125304D36FF5}.Release|Any CPU.Build.0 = Release|Any CPU
		{954217FD-5228-4059-9D36-125304D36FF5}.Release|x64.ActiveCfg = Release|Any CPU
		{954217FD-5228-4059-9D36-125304D36FF5}.Release|x64.Build.0 = Release|Any CPU
		{954217FD-5228-4059-9D36-125304D36FF5}.Release|x86.ActiveCfg = Release|Any CPU
		{954217FD-5228-4059-9D36-125304D36FF5}.Release|x86.Build.0 = Release|Any CPU
		{19437447-9D9A-480C-9A5C-863E23566659}.Debug|Any CPU.ActiveCfg = Debug|Any CPU
		{19437447-9D9A-480C-9A5C-863E23566659}.Debug|Any CPU.Build.0 = Debug|Any CPU
		{19437447-9D9A-480C-9A5C-863E23566659}.Debug|x64.ActiveCfg = Debug|Any CPU
		{19437447-9D9A-480C-9A5C-863E23566659}.Debug|x64.Build.0 = Debug|Any CPU
		{19437447-9D9A-480C-9A5C-863E23566659}.Debug|x86.ActiveCfg = Debug|Any CPU
		{19437447-9D9A-480C-9A5C-863E23566659}.Debug|x86.Build.0 = Debug|Any CPU
		{19437447-9D9A-480C-9A5C-863E23566659}.Release|Any CPU.ActiveCfg = Release|Any CPU
		{19437447-9D9A-480C-9A5C-863E23566659}.Release|Any CPU.Build.0 = Release|Any CPU
		{19437447-9D9A-480C-9A5C-863E23566659}.Release|x64.ActiveCfg = Release|Any CPU
		{19437447-9D9A-480C-9A5C-863E23566659}.Release|x64.Build.0 = Release|Any CPU
		{19437447-9D9A-480C-9A5C-863E23566659}.Release|x86.ActiveCfg = Release|Any CPU
		{19437447-9D9A-480C-9A5C-863E23566659}.Release|x86.Build.0 = Release|Any CPU
		{B7B63B10-E359-4036-B866-A948DA4F8E9B}.Debug|Any CPU.ActiveCfg = Debug|Any CPU
		{B7B63B10-E359-4036-B866-A948DA4F8E9B}.Debug|Any CPU.Build.0 = Debug|Any CPU
		{B7B63B10-E359-4036-B866-A948DA4F8E9B}.Debug|x64.ActiveCfg = Debug|Any CPU
		{B7B63B10-E359-4036-B866-A948DA4F8E9B}.Debug|x64.Build.0 = Debug|Any CPU
		{B7B63B10-E359-4036-B866-A948DA4F8E9B}.Debug|x86.ActiveCfg = Debug|Any CPU
		{B7B63B10-E359-4036-B866-A948DA4F8E9B}.Debug|x86.Build.0 = Debug|Any CPU
		{B7B63B10-E359-4036-B866-A948DA4F8E9B}.Release|Any CPU.ActiveCfg = Release|Any CPU
		{B7B63B10-E359-4036-B866-A948DA4F8E9B}.Release|Any CPU.Build.0 = Release|Any CPU
		{B7B63B10-E359-4036-B866-A948DA4F8E9B}.Release|x64.ActiveCfg = Release|Any CPU
		{B7B63B10-E359-4036-B866-A948DA4F8E9B}.Release|x64.Build.0 = Release|Any CPU
		{B7B63B10-E359-4036-B866-A948DA4F8E9B}.Release|x86.ActiveCfg = Release|Any CPU
		{B7B63B10-E359-4036-B866-A948DA4F8E9B}.Release|x86.Build.0 = Release|Any CPU
		{9F4832A8-FFB4-4EDC-99D2-1CDB7BEA36FA}.Debug|Any CPU.ActiveCfg = Debug|Any CPU
		{9F4832A8-FFB4-4EDC-99D2-1CDB7BEA36FA}.Debug|Any CPU.Build.0 = Debug|Any CPU
		{9F4832A8-FFB4-4EDC-99D2-1CDB7BEA36FA}.Debug|x64.ActiveCfg = Debug|Any CPU
		{9F4832A8-FFB4-4EDC-99D2-1CDB7BEA36FA}.Debug|x64.Build.0 = Debug|Any CPU
		{9F4832A8-FFB4-4EDC-99D2-1CDB7BEA36FA}.Debug|x86.ActiveCfg = Debug|Any CPU
		{9F4832A8-FFB4-4EDC-99D2-1CDB7BEA36FA}.Debug|x86.Build.0 = Debug|Any CPU
		{9F4832A8-FFB4-4EDC-99D2-1CDB7BEA36FA}.Release|Any CPU.ActiveCfg = Release|Any CPU
		{9F4832A8-FFB4-4EDC-99D2-1CDB7BEA36FA}.Release|Any CPU.Build.0 = Release|Any CPU
		{9F4832A8-FFB4-4EDC-99D2-1CDB7BEA36FA}.Release|x64.ActiveCfg = Release|Any CPU
		{9F4832A8-FFB4-4EDC-99D2-1CDB7BEA36FA}.Release|x64.Build.0 = Release|Any CPU
		{9F4832A8-FFB4-4EDC-99D2-1CDB7BEA36FA}.Release|x86.ActiveCfg = Release|Any CPU
		{9F4832A8-FFB4-4EDC-99D2-1CDB7BEA36FA}.Release|x86.Build.0 = Release|Any CPU
	EndGlobalSection
	GlobalSection(SolutionProperties) = preSolution
		HideSolutionNode = FALSE
	EndGlobalSection
	GlobalSection(ExtensibilityGlobals) = postSolution
		SolutionGuid = {DF35303F-F6E8-457C-9603-D6DC8988E6A9}
	EndGlobalSection
EndGlobal
